
Microsoft Visual Studio Solution File, Format Version 12.00
# Visual Studio Version 16
VisualStudioVersion = 16.0.28917.181
MinimumVisualStudioVersion = 10.0.40219.1
Project("{8BC9CEB8-8B4A-11D0-8D11-00A0C91BC942}") = "InstrumentationCallback", "InstrumentationCallback\InstrumentationCallback.vcxproj", "{AEE8D8EC-73B9-464D-B3B6-8E411B0D8D7C}"
EndProject
Global
	GlobalSection(SolutionConfigurationPlatforms) = preSolution
		Debug|x64 = Debug|x64
		Debug|x86 = Debug|x86
		Release|x64 = Release|x64
		Release|x86 = Release|x86
	EndGlobalSection
	GlobalSection(ProjectConfigurationPlatforms) = postSolution
		{AEE8D8EC-73B9-464D-B3B6-8E411B0D8D7C}.Debug|x64.ActiveCfg = Debug|x64
		{AEE8D8EC-73B9-464D-B3B6-8E411B0D8D7C}.Debug|x64.Build.0 = Debug|x64
		{AEE8D8EC-73B9-464D-B3B6-8E411B0D8D7C}.Debug|x86.ActiveCfg = Debug|x64
		{AEE8D8EC-73B9-464D-B3B6-8E411B0D8D7C}.Debug|x86.Build.0 = Debug|x64
		{AEE8D8EC-73B9-464D-B3B6-8E411B0D8D7C}.Release|x64.ActiveCfg = Release|x64
		{AEE8D8EC-73B9-464D-B3B6-8E411B0D8D7C}.Release|x64.Build.0 = Release|x64
		{AEE8D8EC-73B9-464D-B3B6-8E411B0D8D7C}.Release|x86.ActiveCfg = Release|Win32
		{AEE8D8EC-73B9-464D-B3B6-8E411B0D8D7C}.Release|x86.Build.0 = Release|Win32
	EndGlobalSection
	GlobalSection(SolutionProperties) = preSolution
		HideSolutionNode = FALSE
	EndGlobalSection
	GlobalSection(ExtensibilityGlobals) = postSolution
		SolutionGuid = {188A465B-3E78-4C86-BB4B-0C0A56F45A41}
	EndGlobalSection
EndGlobal
