
Microsoft Visual Studio Solution File, Format Version 12.00
# Visual Studio Version 16
VisualStudioVersion = 16.0.29009.5
MinimumVisualStudioVersion = 10.0.40219.1
Project("{8BC9CEB8-8B4A-11D0-8D11-00A0C91BC942}") = "iocpctl", "iocpctl\iocpctl.vcxproj", "{EC6F33F6-5303-462E-BFE0-590B677187F7}"
EndProject
Project("{8BC9CEB8-8B4A-11D0-8D11-00A0C91BC942}") = "iocpctlapp", "iocpctlapp\iocpctlapp.vcxproj", "{97C20923-ABAB-4479-A34C-FDB5C5AA34F3}"
EndProject
Global
	GlobalSection(SolutionConfigurationPlatforms) = preSolution
		Debug|ARM = Debug|ARM
		Debug|ARM64 = Debug|ARM64
		Debug|x64 = Debug|x64
		Debug|x86 = Debug|x86
		Release|ARM = Release|ARM
		Release|ARM64 = Release|ARM64
		Release|x64 = Release|x64
		Release|x86 = Release|x86
	EndGlobalSection
	GlobalSection(ProjectConfigurationPlatforms) = postSolution
		{EC6F33F6-5303-462E-BFE0-590B677187F7}.Debug|ARM.ActiveCfg = Debug|ARM
		{EC6F33F6-5303-462E-BFE0-590B677187F7}.Debug|ARM.Build.0 = Debug|ARM
		{EC6F33F6-5303-462E-BFE0-590B677187F7}.Debug|ARM.Deploy.0 = Debug|ARM
		{EC6F33F6-5303-462E-BFE0-590B677187F7}.Debug|ARM64.ActiveCfg = Debug|ARM64
		{EC6F33F6-5303-462E-BFE0-590B677187F7}.Debug|ARM64.Build.0 = Debug|ARM64
		{EC6F33F6-5303-462E-BFE0-590B677187F7}.Debug|ARM64.Deploy.0 = Debug|ARM64
		{EC6F33F6-5303-462E-BFE0-590B677187F7}.Debug|x64.ActiveCfg = Debug|x64
		{EC6F33F6-5303-462E-BFE0-590B677187F7}.Debug|x64.Build.0 = Debug|x64
		{EC6F33F6-5303-462E-BFE0-590B677187F7}.Debug|x64.Deploy.0 = Debug|x64
		{EC6F33F6-5303-462E-BFE0-590B677187F7}.Debug|x86.ActiveCfg = Debug|Win32
		{EC6F33F6-5303-462E-BFE0-590B677187F7}.Debug|x86.Build.0 = Debug|Win32
		{EC6F33F6-5303-462E-BFE0-590B677187F7}.Debug|x86.Deploy.0 = Debug|Win32
		{EC6F33F6-5303-462E-BFE0-590B677187F7}.Release|ARM.ActiveCfg = Release|ARM
		{EC6F33F6-5303-462E-BFE0-590B677187F7}.Release|ARM.Build.0 = Release|ARM
		{EC6F33F6-5303-462E-BFE0-590B677187F7}.Release|ARM.Deploy.0 = Release|ARM
		{EC6F33F6-5303-462E-BFE0-590B677187F7}.Release|ARM64.ActiveCfg = Release|ARM64
		{EC6F33F6-5303-462E-BFE0-590B677187F7}.Release|ARM64.Build.0 = Release|ARM64
		{EC6F33F6-5303-462E-BFE0-590B677187F7}.Release|ARM64.Deploy.0 = Release|ARM64
		{EC6F33F6-5303-462E-BFE0-590B677187F7}.Release|x64.ActiveCfg = Release|x64
		{EC6F33F6-5303-462E-BFE0-590B677187F7}.Release|x64.Build.0 = Release|x64
		{EC6F33F6-5303-462E-BFE0-590B677187F7}.Release|x64.Deploy.0 = Release|x64
		{EC6F33F6-5303-462E-BFE0-590B677187F7}.Release|x86.ActiveCfg = Release|Win32
		{EC6F33F6-5303-462E-BFE0-590B677187F7}.Release|x86.Build.0 = Release|Win32
		{EC6F33F6-5303-462E-BFE0-590B677187F7}.Release|x86.Deploy.0 = Release|Win32
		{97C20923-ABAB-4479-A34C-FDB5C5AA34F3}.Debug|ARM.ActiveCfg = Debug|Win32
		{97C20923-ABAB-4479-A34C-FDB5C5AA34F3}.Debug|ARM64.ActiveCfg = Debug|Win32
		{97C20923-ABAB-4479-A34C-FDB5C5AA34F3}.Debug|x64.ActiveCfg = Debug|x64
		{97C20923-ABAB-4479-A34C-FDB5C5AA34F3}.Debug|x64.Build.0 = Debug|x64
		{97C20923-ABAB-4479-A34C-FDB5C5AA34F3}.Debug|x86.ActiveCfg = Debug|Win32
		{97C20923-ABAB-4479-A34C-FDB5C5AA34F3}.Debug|x86.Build.0 = Debug|Win32
		{97C20923-ABAB-4479-A34C-FDB5C5AA34F3}.Release|ARM.ActiveCfg = Release|Win32
		{97C20923-ABAB-4479-A34C-FDB5C5AA34F3}.Release|ARM64.ActiveCfg = Release|Win32
		{97C20923-ABAB-4479-A34C-FDB5C5AA34F3}.Release|x64.ActiveCfg = Release|x64
		{97C20923-ABAB-4479-A34C-FDB5C5AA34F3}.Release|x64.Build.0 = Release|x64
		{97C20923-ABAB-4479-A34C-FDB5C5AA34F3}.Release|x86.ActiveCfg = Release|Win32
		{97C20923-ABAB-4479-A34C-FDB5C5AA34F3}.Release|x86.Build.0 = Release|Win32
	EndGlobalSection
	GlobalSection(SolutionProperties) = preSolution
		HideSolutionNode = FALSE
	EndGlobalSection
	GlobalSection(ExtensibilityGlobals) = postSolution
		SolutionGuid = {642E25F5-5EB1-4012-B9B3-FEB18ABDF520}
	EndGlobalSection
EndGlobal
